
Microsoft Visual Studio Solution File, Format Version 12.00
# Visual Studio Version 16
VisualStudioVersion = 16.0.31129.286
MinimumVisualStudioVersion = 10.0.40219.1
Project("{FAE04EC0-301F-11D3-BF4B-00C04F79EFBC}") = "MyWebAPI", "MyWebAPI\MyWebAPI.csproj", "{47065FDB-91F1-4AF7-B8ED-C647D5ED7767}"
EndProject
Project("{FAE04EC0-301F-11D3-BF4B-00C04F79EFBC}") = "MyWebAPI.Tests", "MyWebAPITests\MyWebAPI.Tests.csproj", "{339B882B-44C6-4A70-BEB7-705F226C6764}"
EndProject
Global
	GlobalSection(SolutionConfigurationPlatforms) = preSolution
		Debug|Any CPU = Debug|Any CPU
		Release|Any CPU = Release|Any CPU
	EndGlobalSection
	GlobalSection(ProjectConfigurationPlatforms) = postSolution
		{47065FDB-91F1-4AF7-B8ED-C647D5ED7767}.Debug|Any CPU.ActiveCfg = Debug|Any CPU
		{47065FDB-91F1-4AF7-B8ED-C647D5ED7767}.Debug|Any CPU.Build.0 = Debug|Any CPU
		{47065FDB-91F1-4AF7-B8ED-C647D5ED7767}.Release|Any CPU.ActiveCfg = Release|Any CPU
		{47065FDB-91F1-4AF7-B8ED-C647D5ED7767}.Release|Any CPU.Build.0 = Release|Any CPU
		{339B882B-44C6-4A70-BEB7-705F226C6764}.Debug|Any CPU.ActiveCfg = Debug|Any CPU
		{339B882B-44C6-4A70-BEB7-705F226C6764}.Debug|Any CPU.Build.0 = Debug|Any CPU
		{339B882B-44C6-4A70-BEB7-705F226C6764}.Release|Any CPU.ActiveCfg = Release|Any CPU
		{339B882B-44C6-4A70-BEB7-705F226C6764}.Release|Any CPU.Build.0 = Release|Any CPU
	EndGlobalSection
	GlobalSection(SolutionProperties) = preSolution
		HideSolutionNode = FALSE
	EndGlobalSection
	GlobalSection(ExtensibilityGlobals) = postSolution
		SolutionGuid = {59531FC3-A7A8-4A63-B69E-F326862CD06F}
	EndGlobalSection
EndGlobal
